# This file is automatically @generated by Cargo.
# It is not intended for manual editing.
version = 4

[[package]]
name = "boml"
version = "0.3.1"
source = "registry+https://github.com/rust-lang/crates.io-index"
checksum = "85fdb93f04c73bff54305fa437ffea5449c41edcaadfe882f35836206b166ac5"

[[package]]
name = "boml"
version = "1.0.2"
source = "registry+https://github.com/rust-lang/crates.io-index"
checksum = "a96d68a303a5dd009292d8fea60bf27916d734d6841b53a53c685ad80182526d"

[[package]]
name = "boml-03"
version = "0.1.0"
dependencies = [
 "boml 0.3.1",
]

[[package]]
name = "boml-1"
version = "0.1.0"
dependencies = [
 "boml 1.0.2",
]

[[package]]
name = "multi-crate-version"
version = "0.1.0"
dependencies = [
 "boml-03",
 "boml-1",
]
